// !$*UTF8*$!
{
	archiveVersion = 1;
	classes = {
	};
	objectVersion = 47;
	objects = {

/* Begin PBXBuildFile section */
		2A66B732271EF08A0069EF76 /* CodeBlock+CoreDataProperties copy.swift in Sources */ = {isa = PBXBuildFile; fileRef = 2A66B730271EF08A0069EF76 /* CodeBlock+CoreDataProperties copy.swift */; };
		2A66B733271EF08A0069EF76 /* CodeBlock+CoreDataClass copy.swift in Sources */ = {isa = PBXBuildFile; fileRef = 2A66B731271EF08A0069EF76 /* CodeBlock+CoreDataClass copy.swift */; };
		2A66B735271EF0E70069EF76 /* DataBaseModel.swift in Sources */ = {isa = PBXBuildFile; fileRef = 2A66B734271EF0E70069EF76 /* DataBaseModel.swift */; };
		2A66B738271FBB6F0069EF76 /* CodeBlockController.swift in Sources */ = {isa = PBXBuildFile; fileRef = 2A66B737271FBB6F0069EF76 /* CodeBlockController.swift */; };
		2A66B73E272032670069EF76 /* VideoCaptureModel.swift in Sources */ = {isa = PBXBuildFile; fileRef = 2A66B73D272032670069EF76 /* VideoCaptureModel.swift */; };
		2AACE765270D1F33009D60D0 /* InfoViewController.swift in Sources */ = {isa = PBXBuildFile; fileRef = 2AACE764270D1F33009D60D0 /* InfoViewController.swift */; };
		2ADAACA9272CE7A40006628C /* Localizable.strings in Resources */ = {isa = PBXBuildFile; fileRef = 2ADAACAB272CE7A40006628C /* Localizable.strings */; };
		2AE542A7271EAC13003C9D33 /* AudioPlayerModel.swift in Sources */ = {isa = PBXBuildFile; fileRef = 2AE542A6271EAC13003C9D33 /* AudioPlayerModel.swift */; };
		70ABF6BC7B8B4070FDE03A0B /* Pods_BrailleBlockRecognition_iOSTests.framework in Frameworks */ = {isa = PBXBuildFile; fileRef = 4C612E7EB9319FB279A072DD /* Pods_BrailleBlockRecognition_iOSTests.framework */; };
		B7E7C156293CE4EF002E2597 /* CoreMotion.framework in Frameworks */ = {isa = PBXBuildFile; fileRef = B7E7C155293CE4EE002E2597 /* CoreMotion.framework */; };
		C8A315C12DE9EF3F98300F75 /* Pods_BrailleBlockRecognition_iOS_BrailleBlockRecognition_iOSUITests.framework in Frameworks */ = {isa = PBXBuildFile; fileRef = 94508F33E122D61CA4818FE6 /* Pods_BrailleBlockRecognition_iOS_BrailleBlockRecognition_iOSUITests.framework */; };
		D43116B4250614170050EA18 /* AppDelegate.swift in Sources */ = {isa = PBXBuildFile; fileRef = D43116B3250614170050EA18 /* AppDelegate.swift */; };
		D43116B6250614170050EA18 /* SceneDelegate.swift in Sources */ = {isa = PBXBuildFile; fileRef = D43116B5250614170050EA18 /* SceneDelegate.swift */; };
		D43116BB250614170050EA18 /* Main.storyboard in Resources */ = {isa = PBXBuildFile; fileRef = D43116B9250614170050EA18 /* Main.storyboard */; };
		D43116BE250614170050EA18 /* BrailleBlockRecognition_iOS.xcdatamodeld in Sources */ = {isa = PBXBuildFile; fileRef = D43116BC250614170050EA18 /* BrailleBlockRecognition_iOS.xcdatamodeld */; };
		D43116C0250614170050EA18 /* Assets.xcassets in Resources */ = {isa = PBXBuildFile; fileRef = D43116BF250614170050EA18 /* Assets.xcassets */; };
		D43116C3250614170050EA18 /* LaunchScreen.storyboard in Resources */ = {isa = PBXBuildFile; fileRef = D43116C1250614170050EA18 /* LaunchScreen.storyboard */; };
		D43116CE250614180050EA18 /* BrailleBlockRecognition_iOSTests.swift in Sources */ = {isa = PBXBuildFile; fileRef = D43116CD250614180050EA18 /* BrailleBlockRecognition_iOSTests.swift */; };
		D43116D9250614180050EA18 /* BrailleBlockRecognition_iOSUITests.swift in Sources */ = {isa = PBXBuildFile; fileRef = D43116D8250614180050EA18 /* BrailleBlockRecognition_iOSUITests.swift */; };
		D43116E8250614FC0050EA18 /* OpenCV.mm in Sources */ = {isa = PBXBuildFile; fileRef = D43116E7250614FC0050EA18 /* OpenCV.mm */; };
		DB3FFFF42B55112800CA0EBF /* CodeBlockController2.swift in Sources */ = {isa = PBXBuildFile; fileRef = DB3FFFF32B55112800CA0EBF /* CodeBlockController2.swift */; };
		DBA553992A2101B6007797CE /* EvacuationViewContoller.swift in Sources */ = {isa = PBXBuildFile; fileRef = DBA553982A2101B6007797CE /* EvacuationViewContoller.swift */; };
		DBA5539B2A2101C4007797CE /* CurrentViewContoller.swift in Sources */ = {isa = PBXBuildFile; fileRef = DBA5539A2A2101C4007797CE /* CurrentViewContoller.swift */; };
		DBAA2C172AB1823700CF52E3 /* NextViewController.swift in Sources */ = {isa = PBXBuildFile; fileRef = DBAA2C162AB1823700CF52E3 /* NextViewController.swift */; };
		DBBB85302A0E975400D2A165 /* ViewController.swift in Sources */ = {isa = PBXBuildFile; fileRef = DBBB852F2A0E975400D2A165 /* ViewController.swift */; };
		DBECC2F329481C6100DB9A40 /* detailStart.mp3 in Resources */ = {isa = PBXBuildFile; fileRef = DBECC2EF29481C6100DB9A40 /* detailStart.mp3 */; };
		DBECC2F429481C6100DB9A40 /* exclusiveStart.mp3 in Resources */ = {isa = PBXBuildFile; fileRef = DBECC2F029481C6100DB9A40 /* exclusiveStart.mp3 */; };
		DBECC2F529481C6100DB9A40 /* generalStart.mp3 in Resources */ = {isa = PBXBuildFile; fileRef = DBECC2F129481C6100DB9A40 /* generalStart.mp3 */; };
		DBECC2F629481C6100DB9A40 /* evacuationStart.mp3 in Resources */ = {isa = PBXBuildFile; fileRef = DBECC2F229481C6100DB9A40 /* evacuationStart.mp3 */; };
/* End PBXBuildFile section */

/* Begin PBXContainerItemProxy section */
		D43116CA250614180050EA18 /* PBXContainerItemProxy */ = {
			isa = PBXContainerItemProxy;
			containerPortal = D43116A8250614170050EA18 /* Project object */;
			proxyType = 1;
			remoteGlobalIDString = D43116AF250614170050EA18;
			remoteInfo = BrailleBlockRecognition_iOS;
		};
		D43116D5250614180050EA18 /* PBXContainerItemProxy */ = {
			isa = PBXContainerItemProxy;
			containerPortal = D43116A8250614170050EA18 /* Project object */;
			proxyType = 1;
			remoteGlobalIDString = D43116AF250614170050EA18;
			remoteInfo = BrailleBlockRecognition_iOS;
		};
/* End PBXContainerItemProxy section */

/* Begin PBXFileReference section */
		2A66B730271EF08A0069EF76 /* CodeBlock+CoreDataProperties copy.swift */ = {isa = PBXFileReference; fileEncoding = 4; lastKnownFileType = sourcecode.swift; path = "CodeBlock+CoreDataProperties copy.swift"; sourceTree = "<group>"; };
		2A66B731271EF08A0069EF76 /* CodeBlock+CoreDataClass copy.swift */ = {isa = PBXFileReference; fileEncoding = 4; lastKnownFileType = sourcecode.swift; path = "CodeBlock+CoreDataClass copy.swift"; sourceTree = "<group>"; };
		2A66B734271EF0E70069EF76 /* DataBaseModel.swift */ = {isa = PBXFileReference; lastKnownFileType = sourcecode.swift; path = DataBaseModel.swift; sourceTree = "<group>"; };
		2A66B737271FBB6F0069EF76 /* CodeBlockController.swift */ = {isa = PBXFileReference; lastKnownFileType = sourcecode.swift; path = CodeBlockController.swift; sourceTree = "<group>"; };
		2A66B73D272032670069EF76 /* VideoCaptureModel.swift */ = {isa = PBXFileReference; lastKnownFileType = sourcecode.swift; path = VideoCaptureModel.swift; sourceTree = "<group>"; };
		2AACE764270D1F33009D60D0 /* InfoViewController.swift */ = {isa = PBXFileReference; lastKnownFileType = sourcecode.swift; path = InfoViewController.swift; sourceTree = "<group>"; };
		2ADAACA5272CE7240006628C /* ja */ = {isa = PBXFileReference; lastKnownFileType = text.plist.strings; name = ja; path = ja.lproj/Main.strings; sourceTree = "<group>"; };
		2ADAACA6272CE7240006628C /* ja */ = {isa = PBXFileReference; lastKnownFileType = text.plist.strings; name = ja; path = ja.lproj/LaunchScreen.strings; sourceTree = "<group>"; };
		2ADAACAA272CE7A40006628C /* ja */ = {isa = PBXFileReference; lastKnownFileType = text.plist.strings; name = ja; path = ja.lproj/Localizable.strings; sourceTree = "<group>"; };
		2ADAACAC272D0CD20006628C /* ko */ = {isa = PBXFileReference; lastKnownFileType = text.plist.strings; name = ko; path = ko.lproj/Main.strings; sourceTree = "<group>"; };
		2ADAACAD272D0CD20006628C /* ko */ = {isa = PBXFileReference; lastKnownFileType = text.plist.strings; name = ko; path = ko.lproj/LaunchScreen.strings; sourceTree = "<group>"; };
		2ADAACAE272D0D5D0006628C /* ko */ = {isa = PBXFileReference; lastKnownFileType = text.plist.strings; name = ko; path = ko.lproj/Localizable.strings; sourceTree = "<group>"; };
		2ADAACAF272D1A730006628C /* zh-HK */ = {isa = PBXFileReference; lastKnownFileType = text.plist.strings; name = "zh-HK"; path = "zh-HK.lproj/Main.strings"; sourceTree = "<group>"; };
		2ADAACB0272D1A730006628C /* zh-HK */ = {isa = PBXFileReference; lastKnownFileType = text.plist.strings; name = "zh-HK"; path = "zh-HK.lproj/LaunchScreen.strings"; sourceTree = "<group>"; };
		2ADAACB1272D1A820006628C /* zh-HK */ = {isa = PBXFileReference; lastKnownFileType = text.plist.strings; name = "zh-HK"; path = "zh-HK.lproj/Localizable.strings"; sourceTree = "<group>"; };
		2AE542A6271EAC13003C9D33 /* AudioPlayerModel.swift */ = {isa = PBXFileReference; lastKnownFileType = sourcecode.swift; path = AudioPlayerModel.swift; sourceTree = "<group>"; };
		4B2D35A4BB4EBB75EFC8FB83 /* Pods-BrailleBlockRecognition_iOS.release.xcconfig */ = {isa = PBXFileReference; includeInIndex = 1; lastKnownFileType = text.xcconfig; name = "Pods-BrailleBlockRecognition_iOS.release.xcconfig"; path = "Target Support Files/Pods-BrailleBlockRecognition_iOS/Pods-BrailleBlockRecognition_iOS.release.xcconfig"; sourceTree = "<group>"; };
		4C612E7EB9319FB279A072DD /* Pods_BrailleBlockRecognition_iOSTests.framework */ = {isa = PBXFileReference; explicitFileType = wrapper.framework; includeInIndex = 0; path = Pods_BrailleBlockRecognition_iOSTests.framework; sourceTree = BUILT_PRODUCTS_DIR; };
		4E97B95C440CEA497B90A9C6 /* Pods-BrailleBlockRecognition_iOSTests.release.xcconfig */ = {isa = PBXFileReference; includeInIndex = 1; lastKnownFileType = text.xcconfig; name = "Pods-BrailleBlockRecognition_iOSTests.release.xcconfig"; path = "Target Support Files/Pods-BrailleBlockRecognition_iOSTests/Pods-BrailleBlockRecognition_iOSTests.release.xcconfig"; sourceTree = "<group>"; };
		9368228C2B7E8E3E2E2C8F2B /* Pods-BrailleBlockRecognition_iOSTests.debug.xcconfig */ = {isa = PBXFileReference; includeInIndex = 1; lastKnownFileType = text.xcconfig; name = "Pods-BrailleBlockRecognition_iOSTests.debug.xcconfig"; path = "Target Support Files/Pods-BrailleBlockRecognition_iOSTests/Pods-BrailleBlockRecognition_iOSTests.debug.xcconfig"; sourceTree = "<group>"; };
		94508F33E122D61CA4818FE6 /* Pods_BrailleBlockRecognition_iOS_BrailleBlockRecognition_iOSUITests.framework */ = {isa = PBXFileReference; explicitFileType = wrapper.framework; includeInIndex = 0; path = Pods_BrailleBlockRecognition_iOS_BrailleBlockRecognition_iOSUITests.framework; sourceTree = BUILT_PRODUCTS_DIR; };
		AC7D6DC4684AD5847ECDB641 /* Pods-BrailleBlockRecognition_iOS.debug.xcconfig */ = {isa = PBXFileReference; includeInIndex = 1; lastKnownFileType = text.xcconfig; name = "Pods-BrailleBlockRecognition_iOS.debug.xcconfig"; path = "Target Support Files/Pods-BrailleBlockRecognition_iOS/Pods-BrailleBlockRecognition_iOS.debug.xcconfig"; sourceTree = "<group>"; };
		B7E7C155293CE4EE002E2597 /* CoreMotion.framework */ = {isa = PBXFileReference; lastKnownFileType = wrapper.framework; name = CoreMotion.framework; path = System/Library/Frameworks/CoreMotion.framework; sourceTree = SDKROOT; };
		D43116B0250614170050EA18 /* BrailleBlockRecognition_iOS.app */ = {isa = PBXFileReference; explicitFileType = wrapper.application; includeInIndex = 0; path = BrailleBlockRecognition_iOS.app; sourceTree = BUILT_PRODUCTS_DIR; };
		D43116B3250614170050EA18 /* AppDelegate.swift */ = {isa = PBXFileReference; lastKnownFileType = sourcecode.swift; path = AppDelegate.swift; sourceTree = "<group>"; };
		D43116B5250614170050EA18 /* SceneDelegate.swift */ = {isa = PBXFileReference; lastKnownFileType = sourcecode.swift; path = SceneDelegate.swift; sourceTree = "<group>"; };
		D43116BA250614170050EA18 /* Base */ = {isa = PBXFileReference; lastKnownFileType = file.storyboard; name = Base; path = Base.lproj/Main.storyboard; sourceTree = "<group>"; };
		D43116BD250614170050EA18 /* BrailleBlockRecognition_iOS.xcdatamodel */ = {isa = PBXFileReference; lastKnownFileType = wrapper.xcdatamodel; path = BrailleBlockRecognition_iOS.xcdatamodel; sourceTree = "<group>"; };
		D43116BF250614170050EA18 /* Assets.xcassets */ = {isa = PBXFileReference; lastKnownFileType = folder.assetcatalog; path = Assets.xcassets; sourceTree = "<group>"; };
		D43116C2250614170050EA18 /* Base */ = {isa = PBXFileReference; lastKnownFileType = file.storyboard; name = Base; path = Base.lproj/LaunchScreen.storyboard; sourceTree = "<group>"; };
		D43116C4250614170050EA18 /* Info.plist */ = {isa = PBXFileReference; lastKnownFileType = text.plist.xml; path = Info.plist; sourceTree = "<group>"; };
		D43116C9250614180050EA18 /* BrailleBlockRecognition_iOSTests.xctest */ = {isa = PBXFileReference; explicitFileType = wrapper.cfbundle; includeInIndex = 0; path = BrailleBlockRecognition_iOSTests.xctest; sourceTree = BUILT_PRODUCTS_DIR; };
		D43116CD250614180050EA18 /* BrailleBlockRecognition_iOSTests.swift */ = {isa = PBXFileReference; lastKnownFileType = sourcecode.swift; path = BrailleBlockRecognition_iOSTests.swift; sourceTree = "<group>"; };
		D43116CF250614180050EA18 /* Info.plist */ = {isa = PBXFileReference; lastKnownFileType = text.plist.xml; path = Info.plist; sourceTree = "<group>"; };
		D43116D4250614180050EA18 /* BrailleBlockRecognition_iOSUITests.xctest */ = {isa = PBXFileReference; explicitFileType = wrapper.cfbundle; includeInIndex = 0; path = BrailleBlockRecognition_iOSUITests.xctest; sourceTree = BUILT_PRODUCTS_DIR; };
		D43116D8250614180050EA18 /* BrailleBlockRecognition_iOSUITests.swift */ = {isa = PBXFileReference; lastKnownFileType = sourcecode.swift; path = BrailleBlockRecognition_iOSUITests.swift; sourceTree = "<group>"; };
		D43116DA250614180050EA18 /* Info.plist */ = {isa = PBXFileReference; lastKnownFileType = text.plist.xml; path = Info.plist; sourceTree = "<group>"; };
		D43116E6250614FC0050EA18 /* BrailleBlockRecognition_iOS-Bridging-Header.h */ = {isa = PBXFileReference; lastKnownFileType = sourcecode.c.h; path = "BrailleBlockRecognition_iOS-Bridging-Header.h"; sourceTree = "<group>"; };
		D43116E7250614FC0050EA18 /* OpenCV.mm */ = {isa = PBXFileReference; lastKnownFileType = sourcecode.cpp.objcpp; path = OpenCV.mm; sourceTree = "<group>"; };
		D43116E9250615580050EA18 /* OpenCV.h */ = {isa = PBXFileReference; lastKnownFileType = sourcecode.c.h; path = OpenCV.h; sourceTree = "<group>"; };
		DB3FFFF32B55112800CA0EBF /* CodeBlockController2.swift */ = {isa = PBXFileReference; lastKnownFileType = sourcecode.swift; path = CodeBlockController2.swift; sourceTree = "<group>"; };
		DBA553982A2101B6007797CE /* EvacuationViewContoller.swift */ = {isa = PBXFileReference; fileEncoding = 4; lastKnownFileType = sourcecode.swift; path = EvacuationViewContoller.swift; sourceTree = "<group>"; };
		DBA5539A2A2101C4007797CE /* CurrentViewContoller.swift */ = {isa = PBXFileReference; fileEncoding = 4; lastKnownFileType = sourcecode.swift; path = CurrentViewContoller.swift; sourceTree = "<group>"; };
		DBAA2C162AB1823700CF52E3 /* NextViewController.swift */ = {isa = PBXFileReference; lastKnownFileType = sourcecode.swift; path = NextViewController.swift; sourceTree = "<group>"; };
		DBBB852F2A0E975400D2A165 /* ViewController.swift */ = {isa = PBXFileReference; fileEncoding = 4; lastKnownFileType = sourcecode.swift; path = ViewController.swift; sourceTree = "<group>"; };
		DBECC2EF29481C6100DB9A40 /* detailStart.mp3 */ = {isa = PBXFileReference; lastKnownFileType = audio.mp3; path = detailStart.mp3; sourceTree = "<group>"; };
		DBECC2F029481C6100DB9A40 /* exclusiveStart.mp3 */ = {isa = PBXFileReference; lastKnownFileType = audio.mp3; path = exclusiveStart.mp3; sourceTree = "<group>"; };
		DBECC2F129481C6100DB9A40 /* generalStart.mp3 */ = {isa = PBXFileReference; lastKnownFileType = audio.mp3; path = generalStart.mp3; sourceTree = "<group>"; };
		DBECC2F229481C6100DB9A40 /* evacuationStart.mp3 */ = {isa = PBXFileReference; lastKnownFileType = audio.mp3; path = evacuationStart.mp3; sourceTree = "<group>"; };
		EAC40DA6BE0BD6BF85CCA033 /* Pods-BrailleBlockRecognition_iOS-BrailleBlockRecognition_iOSUITests.release.xcconfig */ = {isa = PBXFileReference; includeInIndex = 1; lastKnownFileType = text.xcconfig; name = "Pods-BrailleBlockRecognition_iOS-BrailleBlockRecognition_iOSUITests.release.xcconfig"; path = "Target Support Files/Pods-BrailleBlockRecognition_iOS-BrailleBlockRecognition_iOSUITests/Pods-BrailleBlockRecognition_iOS-BrailleBlockRecognition_iOSUITests.release.xcconfig"; sourceTree = "<group>"; };
		F354B1010AA339909A02C805 /* Pods-BrailleBlockRecognition_iOS-BrailleBlockRecognition_iOSUITests.debug.xcconfig */ = {isa = PBXFileReference; includeInIndex = 1; lastKnownFileType = text.xcconfig; name = "Pods-BrailleBlockRecognition_iOS-BrailleBlockRecognition_iOSUITests.debug.xcconfig"; path = "Target Support Files/Pods-BrailleBlockRecognition_iOS-BrailleBlockRecognition_iOSUITests/Pods-BrailleBlockRecognition_iOS-BrailleBlockRecognition_iOSUITests.debug.xcconfig"; sourceTree = "<group>"; };
		F449E00FCA31D591334282A9 /* Pods_BrailleBlockRecognition_iOS.framework */ = {isa = PBXFileReference; explicitFileType = wrapper.framework; includeInIndex = 0; path = Pods_BrailleBlockRecognition_iOS.framework; sourceTree = BUILT_PRODUCTS_DIR; };
/* End PBXFileReference section */

/* Begin PBXFrameworksBuildPhase section */
		D43116AD250614170050EA18 /* Frameworks */ = {
			isa = PBXFrameworksBuildPhase;
			buildActionMask = 2147483647;
			files = (
				B7E7C156293CE4EF002E2597 /* CoreMotion.framework in Frameworks */,
			);
			runOnlyForDeploymentPostprocessing = 0;
		};
		D43116C6250614180050EA18 /* Frameworks */ = {
			isa = PBXFrameworksBuildPhase;
			buildActionMask = 2147483647;
			files = (
				70ABF6BC7B8B4070FDE03A0B /* Pods_BrailleBlockRecognition_iOSTests.framework in Frameworks */,
			);
			runOnlyForDeploymentPostprocessing = 0;
		};
		D43116D1250614180050EA18 /* Frameworks */ = {
			isa = PBXFrameworksBuildPhase;
			buildActionMask = 2147483647;
			files = (
				C8A315C12DE9EF3F98300F75 /* Pods_BrailleBlockRecognition_iOS_BrailleBlockRecognition_iOSUITests.framework in Frameworks */,
			);
			runOnlyForDeploymentPostprocessing = 0;
		};
/* End PBXFrameworksBuildPhase section */

/* Begin PBXGroup section */
		2A66B736271FBB5D0069EF76 /* Controller */ = {
			isa = PBXGroup;
			children = (
				2A66B737271FBB6F0069EF76 /* CodeBlockController.swift */,
				DB3FFFF32B55112800CA0EBF /* CodeBlockController2.swift */,
			);
			path = Controller;
			sourceTree = "<group>";
		};
		2A66B73F2720802E0069EF76 /* View */ = {
			isa = PBXGroup;
			children = (
				DBBB852F2A0E975400D2A165 /* ViewController.swift */,
				2AACE764270D1F33009D60D0 /* InfoViewController.swift */,
				DBAA2C162AB1823700CF52E3 /* NextViewController.swift */,
				DBA553982A2101B6007797CE /* EvacuationViewContoller.swift */,
				DBA5539A2A2101C4007797CE /* CurrentViewContoller.swift */,
			);
			path = View;
			sourceTree = "<group>";
		};
		2AE542A5271EAC01003C9D33 /* Model */ = {
			isa = PBXGroup;
			children = (
				2AE542A6271EAC13003C9D33 /* AudioPlayerModel.swift */,
				2A66B734271EF0E70069EF76 /* DataBaseModel.swift */,
				2A66B73D272032670069EF76 /* VideoCaptureModel.swift */,
			);
			path = Model;
			sourceTree = "<group>";
		};
		2AE542AA271EEF0B003C9D33 /* CoreData */ = {
			isa = PBXGroup;
			children = (
				2A66B730271EF08A0069EF76 /* CodeBlock+CoreDataProperties copy.swift */,
				2A66B731271EF08A0069EF76 /* CodeBlock+CoreDataClass copy.swift */,
				D43116BC250614170050EA18 /* BrailleBlockRecognition_iOS.xcdatamodeld */,
			);
			path = CoreData;
			sourceTree = "<group>";
		};
		AF05769BCEEBC67148DF8D10 /* Pods */ = {
			isa = PBXGroup;
			children = (
				AC7D6DC4684AD5847ECDB641 /* Pods-BrailleBlockRecognition_iOS.debug.xcconfig */,
				4B2D35A4BB4EBB75EFC8FB83 /* Pods-BrailleBlockRecognition_iOS.release.xcconfig */,
				F354B1010AA339909A02C805 /* Pods-BrailleBlockRecognition_iOS-BrailleBlockRecognition_iOSUITests.debug.xcconfig */,
				EAC40DA6BE0BD6BF85CCA033 /* Pods-BrailleBlockRecognition_iOS-BrailleBlockRecognition_iOSUITests.release.xcconfig */,
				9368228C2B7E8E3E2E2C8F2B /* Pods-BrailleBlockRecognition_iOSTests.debug.xcconfig */,
				4E97B95C440CEA497B90A9C6 /* Pods-BrailleBlockRecognition_iOSTests.release.xcconfig */,
			);
			path = Pods;
			sourceTree = "<group>";
		};
		D43116A7250614170050EA18 = {
			isa = PBXGroup;
			children = (
				DBECC2EE29481C6100DB9A40 /* Sounds */,
				2ADAACAB272CE7A40006628C /* Localizable.strings */,
				D43116B2250614170050EA18 /* BrailleBlockRecognition_iOS */,
				D43116CC250614180050EA18 /* BrailleBlockRecognition_iOSTests */,
				D43116D7250614180050EA18 /* BrailleBlockRecognition_iOSUITests */,
				D43116B1250614170050EA18 /* Products */,
				AF05769BCEEBC67148DF8D10 /* Pods */,
				FC490B277DB72EA0D08DF1B9 /* Frameworks */,
			);
			sourceTree = "<group>";
		};
		D43116B1250614170050EA18 /* Products */ = {
			isa = PBXGroup;
			children = (
				D43116B0250614170050EA18 /* BrailleBlockRecognition_iOS.app */,
				D43116C9250614180050EA18 /* BrailleBlockRecognition_iOSTests.xctest */,
				D43116D4250614180050EA18 /* BrailleBlockRecognition_iOSUITests.xctest */,
			);
			name = Products;
			sourceTree = "<group>";
		};
		D43116B2250614170050EA18 /* BrailleBlockRecognition_iOS */ = {
			isa = PBXGroup;
			children = (
				2A66B73F2720802E0069EF76 /* View */,
				2A66B736271FBB5D0069EF76 /* Controller */,
				2AE542AA271EEF0B003C9D33 /* CoreData */,
				2AE542A5271EAC01003C9D33 /* Model */,
				D43116B3250614170050EA18 /* AppDelegate.swift */,
				D43116B5250614170050EA18 /* SceneDelegate.swift */,
				D43116B9250614170050EA18 /* Main.storyboard */,
				D43116BF250614170050EA18 /* Assets.xcassets */,
				D43116C1250614170050EA18 /* LaunchScreen.storyboard */,
				D43116C4250614170050EA18 /* Info.plist */,
				D43116E7250614FC0050EA18 /* OpenCV.mm */,
				D43116E6250614FC0050EA18 /* BrailleBlockRecognition_iOS-Bridging-Header.h */,
				D43116E9250615580050EA18 /* OpenCV.h */,
			);
			path = BrailleBlockRecognition_iOS;
			sourceTree = "<group>";
		};
		D43116CC250614180050EA18 /* BrailleBlockRecognition_iOSTests */ = {
			isa = PBXGroup;
			children = (
				D43116CD250614180050EA18 /* BrailleBlockRecognition_iOSTests.swift */,
				D43116CF250614180050EA18 /* Info.plist */,
			);
			path = BrailleBlockRecognition_iOSTests;
			sourceTree = "<group>";
		};
		D43116D7250614180050EA18 /* BrailleBlockRecognition_iOSUITests */ = {
			isa = PBXGroup;
			children = (
				D43116D8250614180050EA18 /* BrailleBlockRecognition_iOSUITests.swift */,
				D43116DA250614180050EA18 /* Info.plist */,
			);
			path = BrailleBlockRecognition_iOSUITests;
			sourceTree = "<group>";
		};
		DBECC2EE29481C6100DB9A40 /* Sounds */ = {
			isa = PBXGroup;
			children = (
				DBECC2EF29481C6100DB9A40 /* detailStart.mp3 */,
				DBECC2F029481C6100DB9A40 /* exclusiveStart.mp3 */,
				DBECC2F129481C6100DB9A40 /* generalStart.mp3 */,
				DBECC2F229481C6100DB9A40 /* evacuationStart.mp3 */,
			);
			path = Sounds;
			sourceTree = "<group>";
		};
		FC490B277DB72EA0D08DF1B9 /* Frameworks */ = {
			isa = PBXGroup;
			children = (
				B7E7C155293CE4EE002E2597 /* CoreMotion.framework */,
				F449E00FCA31D591334282A9 /* Pods_BrailleBlockRecognition_iOS.framework */,
				94508F33E122D61CA4818FE6 /* Pods_BrailleBlockRecognition_iOS_BrailleBlockRecognition_iOSUITests.framework */,
				4C612E7EB9319FB279A072DD /* Pods_BrailleBlockRecognition_iOSTests.framework */,
			);
			name = Frameworks;
			sourceTree = "<group>";
		};
/* End PBXGroup section */

/* Begin PBXNativeTarget section */
		D43116AF250614170050EA18 /* BrailleBlockRecognition_iOS */ = {
			isa = PBXNativeTarget;
			buildConfigurationList = D43116DD250614180050EA18 /* Build configuration list for PBXNativeTarget "BrailleBlockRecognition_iOS" */;
			buildPhases = (
				ABD4FE487EAE6237FDEC5A91 /* [CP] Check Pods Manifest.lock */,
				D43116AC250614170050EA18 /* Sources */,
				D43116AD250614170050EA18 /* Frameworks */,
				D43116AE250614170050EA18 /* Resources */,
			);
			buildRules = (
			);
			dependencies = (
			);
			name = BrailleBlockRecognition_iOS;
			productName = BrailleBlockRecognition_iOS;
			productReference = D43116B0250614170050EA18 /* BrailleBlockRecognition_iOS.app */;
			productType = "com.apple.product-type.application";
		};
		D43116C8250614180050EA18 /* BrailleBlockRecognition_iOSTests */ = {
			isa = PBXNativeTarget;
			buildConfigurationList = D43116E0250614180050EA18 /* Build configuration list for PBXNativeTarget "BrailleBlockRecognition_iOSTests" */;
			buildPhases = (
				C416E814F405E5037FFEEB8A /* [CP] Check Pods Manifest.lock */,
				D43116C5250614180050EA18 /* Sources */,
				D43116C6250614180050EA18 /* Frameworks */,
				D43116C7250614180050EA18 /* Resources */,
			);
			buildRules = (
			);
			dependencies = (
				D43116CB250614180050EA18 /* PBXTargetDependency */,
			);
			name = BrailleBlockRecognition_iOSTests;
			productName = BrailleBlockRecognition_iOSTests;
			productReference = D43116C9250614180050EA18 /* BrailleBlockRecognition_iOSTests.xctest */;
			productType = "com.apple.product-type.bundle.unit-test";
		};
		D43116D3250614180050EA18 /* BrailleBlockRecognition_iOSUITests */ = {
			isa = PBXNativeTarget;
			buildConfigurationList = D43116E3250614180050EA18 /* Build configuration list for PBXNativeTarget "BrailleBlockRecognition_iOSUITests" */;
			buildPhases = (
				19561E501657CD5921B1069F /* [CP] Check Pods Manifest.lock */,
				D43116D0250614180050EA18 /* Sources */,
				D43116D1250614180050EA18 /* Frameworks */,
				D43116D2250614180050EA18 /* Resources */,
			);
			buildRules = (
			);
			dependencies = (
				D43116D6250614180050EA18 /* PBXTargetDependency */,
			);
			name = BrailleBlockRecognition_iOSUITests;
			productName = BrailleBlockRecognition_iOSUITests;
			productReference = D43116D4250614180050EA18 /* BrailleBlockRecognition_iOSUITests.xctest */;
			productType = "com.apple.product-type.bundle.ui-testing";
		};
/* End PBXNativeTarget section */

/* Begin PBXProject section */
		D43116A8250614170050EA18 /* Project object */ = {
			isa = PBXProject;
			attributes = {
				LastSwiftUpdateCheck = 1170;
				LastUpgradeCheck = 1210;
				ORGANIZATIONNAME = matuilab;
				TargetAttributes = {
					D43116AF250614170050EA18 = {
						CreatedOnToolsVersion = 11.7;
						DevelopmentTeam = 72S23KX6NZ;
						LastSwiftMigration = 1170;
						ProvisioningStyle = Automatic;
					};
					D43116C8250614180050EA18 = {
						CreatedOnToolsVersion = 11.7;
						DevelopmentTeam = 72S23KX6NZ;
						ProvisioningStyle = Automatic;
						TestTargetID = D43116AF250614170050EA18;
					};
					D43116D3250614180050EA18 = {
						CreatedOnToolsVersion = 11.7;
						DevelopmentTeam = 72S23KX6NZ;
						ProvisioningStyle = Automatic;
						TestTargetID = D43116AF250614170050EA18;
					};
				};
			};
			buildConfigurationList = D43116AB250614170050EA18 /* Build configuration list for PBXProject "BrailleBlockRecognition_iOS" */;
			compatibilityVersion = "Xcode 6.3";
			developmentRegion = en;
			hasScannedForEncodings = 0;
			knownRegions = (
				en,
				Base,
				ja,
				ko,
				"zh-HK",
			);
			mainGroup = D43116A7250614170050EA18;
			productRefGroup = D43116B1250614170050EA18 /* Products */;
			projectDirPath = "";
			projectRoot = "";
			targets = (
				D43116AF250614170050EA18 /* BrailleBlockRecognition_iOS */,
				D43116C8250614180050EA18 /* BrailleBlockRecognition_iOSTests */,
				D43116D3250614180050EA18 /* BrailleBlockRecognition_iOSUITests */,
			);
		};
/* End PBXProject section */

/* Begin PBXResourcesBuildPhase section */
		D43116AE250614170050EA18 /* Resources */ = {
			isa = PBXResourcesBuildPhase;
			buildActionMask = 2147483647;
			files = (
				DBECC2F329481C6100DB9A40 /* detailStart.mp3 in Resources */,
				D43116C3250614170050EA18 /* LaunchScreen.storyboard in Resources */,
				DBECC2F629481C6100DB9A40 /* evacuationStart.mp3 in Resources */,
				DBECC2F529481C6100DB9A40 /* generalStart.mp3 in Resources */,
				D43116C0250614170050EA18 /* Assets.xcassets in Resources */,
				2ADAACA9272CE7A40006628C /* Localizable.strings in Resources */,
				DBECC2F429481C6100DB9A40 /* exclusiveStart.mp3 in Resources */,
				D43116BB250614170050EA18 /* Main.storyboard in Resources */,
			);
			runOnlyForDeploymentPostprocessing = 0;
		};
		D43116C7250614180050EA18 /* Resources */ = {
			isa = PBXResourcesBuildPhase;
			buildActionMask = 2147483647;
			files = (
			);
			runOnlyForDeploymentPostprocessing = 0;
		};
		D43116D2250614180050EA18 /* Resources */ = {
			isa = PBXResourcesBuildPhase;
			buildActionMask = 2147483647;
			files = (
			);
			runOnlyForDeploymentPostprocessing = 0;
		};
/* End PBXResourcesBuildPhase section */

/* Begin PBXShellScriptBuildPhase section */
		19561E501657CD5921B1069F /* [CP] Check Pods Manifest.lock */ = {
			isa = PBXShellScriptBuildPhase;
			buildActionMask = 2147483647;
			files = (
			);
			inputFileListPaths = (
			);
			inputPaths = (
				"${PODS_PODFILE_DIR_PATH}/Podfile.lock",
				"${PODS_ROOT}/Manifest.lock",
			);
			name = "[CP] Check Pods Manifest.lock";
			outputFileListPaths = (
			);
			outputPaths = (
				"$(DERIVED_FILE_DIR)/Pods-BrailleBlockRecognition_iOS-BrailleBlockRecognition_iOSUITests-checkManifestLockResult.txt",
			);
			runOnlyForDeploymentPostprocessing = 0;
			shellPath = /bin/sh;
			shellScript = "diff \"${PODS_PODFILE_DIR_PATH}/Podfile.lock\" \"${PODS_ROOT}/Manifest.lock\" > /dev/null\nif [ $? != 0 ] ; then\n    # print error to STDERR\n    echo \"error: The sandbox is not in sync with the Podfile.lock. Run 'pod install' or update your CocoaPods installation.\" >&2\n    exit 1\nfi\n# This output is used by Xcode 'outputs' to avoid re-running this script phase.\necho \"SUCCESS\" > \"${SCRIPT_OUTPUT_FILE_0}\"\n";
			showEnvVarsInLog = 0;
		};
		ABD4FE487EAE6237FDEC5A91 /* [CP] Check Pods Manifest.lock */ = {
			isa = PBXShellScriptBuildPhase;
			buildActionMask = 2147483647;
			files = (
			);
			inputFileListPaths = (
			);
			inputPaths = (
				"${PODS_PODFILE_DIR_PATH}/Podfile.lock",
				"${PODS_ROOT}/Manifest.lock",
			);
			name = "[CP] Check Pods Manifest.lock";
			outputFileListPaths = (
			);
			outputPaths = (
				"$(DERIVED_FILE_DIR)/Pods-BrailleBlockRecognition_iOS-checkManifestLockResult.txt",
			);
			runOnlyForDeploymentPostprocessing = 0;
			shellPath = /bin/sh;
			shellScript = "diff \"${PODS_PODFILE_DIR_PATH}/Podfile.lock\" \"${PODS_ROOT}/Manifest.lock\" > /dev/null\nif [ $? != 0 ] ; then\n    # print error to STDERR\n    echo \"error: The sandbox is not in sync with the Podfile.lock. Run 'pod install' or update your CocoaPods installation.\" >&2\n    exit 1\nfi\n# This output is used by Xcode 'outputs' to avoid re-running this script phase.\necho \"SUCCESS\" > \"${SCRIPT_OUTPUT_FILE_0}\"\n";
			showEnvVarsInLog = 0;
		};
		C416E814F405E5037FFEEB8A /* [CP] Check Pods Manifest.lock */ = {
			isa = PBXShellScriptBuildPhase;
			buildActionMask = 2147483647;
			files = (
			);
			inputFileListPaths = (
			);
			inputPaths = (
				"${PODS_PODFILE_DIR_PATH}/Podfile.lock",
				"${PODS_ROOT}/Manifest.lock",
			);
			name = "[CP] Check Pods Manifest.lock";
			outputFileListPaths = (
			);
			outputPaths = (
				"$(DERIVED_FILE_DIR)/Pods-BrailleBlockRecognition_iOSTests-checkManifestLockResult.txt",
			);
			runOnlyForDeploymentPostprocessing = 0;
			shellPath = /bin/sh;
			shellScript = "diff \"${PODS_PODFILE_DIR_PATH}/Podfile.lock\" \"${PODS_ROOT}/Manifest.lock\" > /dev/null\nif [ $? != 0 ] ; then\n    # print error to STDERR\n    echo \"error: The sandbox is not in sync with the Podfile.lock. Run 'pod install' or update your CocoaPods installation.\" >&2\n    exit 1\nfi\n# This output is used by Xcode 'outputs' to avoid re-running this script phase.\necho \"SUCCESS\" > \"${SCRIPT_OUTPUT_FILE_0}\"\n";
			showEnvVarsInLog = 0;
		};
/* End PBXShellScriptBuildPhase section */

/* Begin PBXSourcesBuildPhase section */
		D43116AC250614170050EA18 /* Sources */ = {
			isa = PBXSourcesBuildPhase;
			buildActionMask = 2147483647;
			files = (
				D43116E8250614FC0050EA18 /* OpenCV.mm in Sources */,
				D43116BE250614170050EA18 /* BrailleBlockRecognition_iOS.xcdatamodeld in Sources */,
				DBA553992A2101B6007797CE /* EvacuationViewContoller.swift in Sources */,
				2A66B73E272032670069EF76 /* VideoCaptureModel.swift in Sources */,
				2A66B735271EF0E70069EF76 /* DataBaseModel.swift in Sources */,
				DB3FFFF42B55112800CA0EBF /* CodeBlockController2.swift in Sources */,
				2A66B738271FBB6F0069EF76 /* CodeBlockController.swift in Sources */,
				2A66B733271EF08A0069EF76 /* CodeBlock+CoreDataClass copy.swift in Sources */,
				DBA5539B2A2101C4007797CE /* CurrentViewContoller.swift in Sources */,
				DBBB85302A0E975400D2A165 /* ViewController.swift in Sources */,
				2AACE765270D1F33009D60D0 /* InfoViewController.swift in Sources */,
				DBAA2C172AB1823700CF52E3 /* NextViewController.swift in Sources */,
				D43116B4250614170050EA18 /* AppDelegate.swift in Sources */,
				D43116B6250614170050EA18 /* SceneDelegate.swift in Sources */,
				2AE542A7271EAC13003C9D33 /* AudioPlayerModel.swift in Sources */,
				2A66B732271EF08A0069EF76 /* CodeBlock+CoreDataProperties copy.swift in Sources */,
			);
			runOnlyForDeploymentPostprocessing = 0;
		};
		D43116C5250614180050EA18 /* Sources */ = {
			isa = PBXSourcesBuildPhase;
			buildActionMask = 2147483647;
			files = (
				D43116CE250614180050EA18 /* BrailleBlockRecognition_iOSTests.swift in Sources */,
			);
			runOnlyForDeploymentPostprocessing = 0;
		};
		D43116D0250614180050EA18 /* Sources */ = {
			isa = PBXSourcesBuildPhase;
			buildActionMask = 2147483647;
			files = (
				D43116D9250614180050EA18 /* BrailleBlockRecognition_iOSUITests.swift in Sources */,
			);
			runOnlyForDeploymentPostprocessing = 0;
		};
/* End PBXSourcesBuildPhase section */

/* Begin PBXTargetDependency section */
		D43116CB250614180050EA18 /* PBXTargetDependency */ = {
			isa = PBXTargetDependency;
			target = D43116AF250614170050EA18 /* BrailleBlockRecognition_iOS */;
			targetProxy = D43116CA250614180050EA18 /* PBXContainerItemProxy */;
		};
		D43116D6250614180050EA18 /* PBXTargetDependency */ = {
			isa = PBXTargetDependency;
			target = D43116AF250614170050EA18 /* BrailleBlockRecognition_iOS */;
			targetProxy = D43116D5250614180050EA18 /* PBXContainerItemProxy */;
		};
/* End PBXTargetDependency section */

/* Begin PBXVariantGroup section */
		2ADAACAB272CE7A40006628C /* Localizable.strings */ = {
			isa = PBXVariantGroup;
			children = (
				2ADAACAA272CE7A40006628C /* ja */,
				2ADAACAE272D0D5D0006628C /* ko */,
				2ADAACB1272D1A820006628C /* zh-HK */,
			);
			name = Localizable.strings;
			sourceTree = "<group>";
		};
		D43116B9250614170050EA18 /* Main.storyboard */ = {
			isa = PBXVariantGroup;
			children = (
				D43116BA250614170050EA18 /* Base */,
				2ADAACA5272CE7240006628C /* ja */,
				2ADAACAC272D0CD20006628C /* ko */,
				2ADAACAF272D1A730006628C /* zh-HK */,
			);
			name = Main.storyboard;
			sourceTree = "<group>";
		};
		D43116C1250614170050EA18 /* LaunchScreen.storyboard */ = {
			isa = PBXVariantGroup;
			children = (
				D43116C2250614170050EA18 /* Base */,
				2ADAACA6272CE7240006628C /* ja */,
				2ADAACAD272D0CD20006628C /* ko */,
				2ADAACB0272D1A730006628C /* zh-HK */,
			);
			name = LaunchScreen.storyboard;
			sourceTree = "<group>";
		};
/* End PBXVariantGroup section */

/* Begin XCBuildConfiguration section */
		D43116DB250614180050EA18 /* Debug */ = {
			isa = XCBuildConfiguration;
			buildSettings = {
				ALWAYS_SEARCH_USER_PATHS = NO;
				CLANG_ANALYZER_LOCALIZABILITY_NONLOCALIZED = YES;
				CLANG_ANALYZER_NONNULL = YES;
				CLANG_ANALYZER_NUMBER_OBJECT_CONVERSION = YES_AGGRESSIVE;
				CLANG_CXX_LANGUAGE_STANDARD = "gnu++14";
				CLANG_CXX_LIBRARY = "libc++";
				CLANG_ENABLE_MODULES = YES;
				CLANG_ENABLE_OBJC_ARC = YES;
				CLANG_ENABLE_OBJC_WEAK = YES;
				CLANG_WARN_BLOCK_CAPTURE_AUTORELEASING = YES;
				CLANG_WARN_BOOL_CONVERSION = YES;
				CLANG_WARN_COMMA = YES;
				CLANG_WARN_CONSTANT_CONVERSION = YES;
				CLANG_WARN_DEPRECATED_OBJC_IMPLEMENTATIONS = YES;
				CLANG_WARN_DIRECT_OBJC_ISA_USAGE = YES_ERROR;
				CLANG_WARN_DOCUMENTATION_COMMENTS = YES;
				CLANG_WARN_EMPTY_BODY = YES;
				CLANG_WARN_ENUM_CONVERSION = YES;
				CLANG_WARN_INFINITE_RECURSION = YES;
				CLANG_WARN_INT_CONVERSION = YES;
				CLANG_WARN_NON_LITERAL_NULL_CONVERSION = YES;
				CLANG_WARN_OBJC_IMPLICIT_RETAIN_SELF = YES;
				CLANG_WARN_OBJC_LITERAL_CONVERSION = YES;
				CLANG_WARN_OBJC_ROOT_CLASS = YES_ERROR;
				CLANG_WARN_QUOTED_INCLUDE_IN_FRAMEWORK_HEADER = YES;
				CLANG_WARN_RANGE_LOOP_ANALYSIS = YES;
				CLANG_WARN_STRICT_PROTOTYPES = YES;
				CLANG_WARN_SUSPICIOUS_MOVE = YES;
				CLANG_WARN_UNGUARDED_AVAILABILITY = YES_AGGRESSIVE;
				CLANG_WARN_UNREACHABLE_CODE = YES;
				CLANG_WARN__DUPLICATE_METHOD_MATCH = YES;
				COPY_PHASE_STRIP = NO;
				DEBUG_INFORMATION_FORMAT = dwarf;
				ENABLE_STRICT_OBJC_MSGSEND = YES;
				ENABLE_TESTABILITY = YES;
				GCC_C_LANGUAGE_STANDARD = gnu11;
				GCC_DYNAMIC_NO_PIC = NO;
				GCC_NO_COMMON_BLOCKS = YES;
				GCC_OPTIMIZATION_LEVEL = 0;
				GCC_PREPROCESSOR_DEFINITIONS = (
					"DEBUG=1",
					"$(inherited)",
				);
				GCC_WARN_64_TO_32_BIT_CONVERSION = YES;
				GCC_WARN_ABOUT_RETURN_TYPE = YES_ERROR;
				GCC_WARN_UNDECLARED_SELECTOR = YES;
				GCC_WARN_UNINITIALIZED_AUTOS = YES_AGGRESSIVE;
				GCC_WARN_UNUSED_FUNCTION = YES;
				GCC_WARN_UNUSED_VARIABLE = YES;
				IPHONEOS_DEPLOYMENT_TARGET = 14.1;
				MTL_ENABLE_DEBUG_INFO = INCLUDE_SOURCE;
				MTL_FAST_MATH = YES;
				ONLY_ACTIVE_ARCH = YES;
				SDKROOT = iphoneos;
				SWIFT_ACTIVE_COMPILATION_CONDITIONS = DEBUG;
				SWIFT_OPTIMIZATION_LEVEL = "-Onone";
			};
			name = Debug;
		};
		D43116DC250614180050EA18 /* Release */ = {
			isa = XCBuildConfiguration;
			buildSettings = {
				ALWAYS_SEARCH_USER_PATHS = NO;
				CLANG_ANALYZER_LOCALIZABILITY_NONLOCALIZED = YES;
				CLANG_ANALYZER_NONNULL = YES;
				CLANG_ANALYZER_NUMBER_OBJECT_CONVERSION = YES_AGGRESSIVE;
				CLANG_CXX_LANGUAGE_STANDARD = "gnu++14";
				CLANG_CXX_LIBRARY = "libc++";
				CLANG_ENABLE_MODULES = YES;
				CLANG_ENABLE_OBJC_ARC = YES;
				CLANG_ENABLE_OBJC_WEAK = YES;
				CLANG_WARN_BLOCK_CAPTURE_AUTORELEASING = YES;
				CLANG_WARN_BOOL_CONVERSION = YES;
				CLANG_WARN_COMMA = YES;
				CLANG_WARN_CONSTANT_CONVERSION = YES;
				CLANG_WARN_DEPRECATED_OBJC_IMPLEMENTATIONS = YES;
				CLANG_WARN_DIRECT_OBJC_ISA_USAGE = YES_ERROR;
				CLANG_WARN_DOCUMENTATION_COMMENTS = YES;
				CLANG_WARN_EMPTY_BODY = YES;
				CLANG_WARN_ENUM_CONVERSION = YES;
				CLANG_WARN_INFINITE_RECURSION = YES;
				CLANG_WARN_INT_CONVERSION = YES;
				CLANG_WARN_NON_LITERAL_NULL_CONVERSION = YES;
				CLANG_WARN_OBJC_IMPLICIT_RETAIN_SELF = YES;
				CLANG_WARN_OBJC_LITERAL_CONVERSION = YES;
				CLANG_WARN_OBJC_ROOT_CLASS = YES_ERROR;
				CLANG_WARN_QUOTED_INCLUDE_IN_FRAMEWORK_HEADER = YES;
				CLANG_WARN_RANGE_LOOP_ANALYSIS = YES;
				CLANG_WARN_STRICT_PROTOTYPES = YES;
				CLANG_WARN_SUSPICIOUS_MOVE = YES;
				CLANG_WARN_UNGUARDED_AVAILABILITY = YES_AGGRESSIVE;
				CLANG_WARN_UNREACHABLE_CODE = YES;
				CLANG_WARN__DUPLICATE_METHOD_MATCH = YES;
				COPY_PHASE_STRIP = NO;
				DEBUG_INFORMATION_FORMAT = "dwarf-with-dsym";
				ENABLE_NS_ASSERTIONS = NO;
				ENABLE_STRICT_OBJC_MSGSEND = YES;
				GCC_C_LANGUAGE_STANDARD = gnu11;
				GCC_NO_COMMON_BLOCKS = YES;
				GCC_OPTIMIZATION_LEVEL = 0;
				GCC_WARN_64_TO_32_BIT_CONVERSION = YES;
				GCC_WARN_ABOUT_RETURN_TYPE = YES_ERROR;
				GCC_WARN_UNDECLARED_SELECTOR = YES;
				GCC_WARN_UNINITIALIZED_AUTOS = YES_AGGRESSIVE;
				GCC_WARN_UNUSED_FUNCTION = YES;
				GCC_WARN_UNUSED_VARIABLE = YES;
				IPHONEOS_DEPLOYMENT_TARGET = 14.1;
				MTL_ENABLE_DEBUG_INFO = NO;
				MTL_FAST_MATH = YES;
				SDKROOT = iphoneos;
				SWIFT_COMPILATION_MODE = wholemodule;
				SWIFT_OPTIMIZATION_LEVEL = "-Onone";
				VALIDATE_PRODUCT = YES;
			};
			name = Release;
		};
		D43116DE250614180050EA18 /* Debug */ = {
			isa = XCBuildConfiguration;
			baseConfigurationReference = AC7D6DC4684AD5847ECDB641 /* Pods-BrailleBlockRecognition_iOS.debug.xcconfig */;
			buildSettings = {
				ASSETCATALOG_COMPILER_APPICON_NAME = AppIcon;
				CLANG_ENABLE_MODULES = YES;
				CODE_SIGN_IDENTITY = "Apple Development";
				CODE_SIGN_STYLE = Automatic;
				CURRENT_PROJECT_VERSION = 1.0.20;
				DEVELOPMENT_TEAM = 72S23KX6NZ;
				FRAMEWORK_SEARCH_PATHS = (
					"$(inherited)",
					"$(PROJECT_DIR)/Pods/OpenCV",
				);
				INFOPLIST_FILE = BrailleBlockRecognition_iOS/Info.plist;
				IPHONEOS_DEPLOYMENT_TARGET = 13.6;
				LD_RUNPATH_SEARCH_PATHS = "$(inherited) @executable_path/Frameworks";
				MARKETING_VERSION = 1.7.8;
				PRODUCT_BUNDLE_IDENTIFIER = "jp.matuilab.BrailleBlockRecognition-iOS20201001";
				PRODUCT_NAME = "$(TARGET_NAME)";
				PROVISIONING_PROFILE_SPECIFIER = "";
				SUPPORTED_PLATFORMS = "iphoneos iphonesimulator";
				SUPPORTS_MACCATALYST = NO;
				SUPPORTS_MAC_DESIGNED_FOR_IPHONE_IPAD = YES;
				SWIFT_OBJC_BRIDGING_HEADER = "BrailleBlockRecognition_iOS/BrailleBlockRecognition_iOS-Bridging-Header.h";
				SWIFT_OPTIMIZATION_LEVEL = "-Onone";
				SWIFT_VERSION = 5.0;
				TARGETED_DEVICE_FAMILY = 1;
			};
			name = Debug;
		};
		D43116DF250614180050EA18 /* Release */ = {
			isa = XCBuildConfiguration;
			baseConfigurationReference = 4B2D35A4BB4EBB75EFC8FB83 /* Pods-BrailleBlockRecognition_iOS.release.xcconfig */;
			buildSettings = {
				ASSETCATALOG_COMPILER_APPICON_NAME = AppIcon;
				CLANG_ENABLE_MODULES = YES;
				CODE_SIGN_IDENTITY = "Apple Development";
				CODE_SIGN_STYLE = Automatic;
				CURRENT_PROJECT_VERSION = 1.0.20;
				DEVELOPMENT_TEAM = 72S23KX6NZ;
				FRAMEWORK_SEARCH_PATHS = (
					"$(inherited)",
					"$(PROJECT_DIR)/Pods/OpenCV",
				);
				INFOPLIST_FILE = BrailleBlockRecognition_iOS/Info.plist;
				IPHONEOS_DEPLOYMENT_TARGET = 13.6;
				LD_RUNPATH_SEARCH_PATHS = "$(inherited) @executable_path/Frameworks";
				MARKETING_VERSION = 1.7.8;
				PRODUCT_BUNDLE_IDENTIFIER = "jp.matuilab.BrailleBlockRecognition-iOS20201212";
				PRODUCT_NAME = "$(TARGET_NAME)";
				PROVISIONING_PROFILE_SPECIFIER = "";
				SUPPORTED_PLATFORMS = "iphoneos iphonesimulator";
				SUPPORTS_MACCATALYST = NO;
				SUPPORTS_MAC_DESIGNED_FOR_IPHONE_IPAD = YES;
				SWIFT_OBJC_BRIDGING_HEADER = "BrailleBlockRecognition_iOS/BrailleBlockRecognition_iOS-Bridging-Header.h";
				SWIFT_VERSION = 5.0;
				TARGETED_DEVICE_FAMILY = 1;
			};
			name = Release;
		};
		D43116E1250614180050EA18 /* Debug */ = {
			isa = XCBuildConfiguration;
			baseConfigurationReference = 9368228C2B7E8E3E2E2C8F2B /* Pods-BrailleBlockRecognition_iOSTests.debug.xcconfig */;
			buildSettings = {
				ALWAYS_EMBED_SWIFT_STANDARD_LIBRARIES = YES;
				BUNDLE_LOADER = "$(TEST_HOST)";
				"CODE_SIGN_IDENTITY[sdk=macosx*]" = "Apple Development";
				CODE_SIGN_STYLE = Automatic;
				DEVELOPMENT_TEAM = 72S23KX6NZ;
				INFOPLIST_FILE = BrailleBlockRecognition_iOSTests/Info.plist;
				IPHONEOS_DEPLOYMENT_TARGET = 13.7;
				LD_RUNPATH_SEARCH_PATHS = "$(inherited) @executable_path/Frameworks @loader_path/Frameworks";
				PRODUCT_BUNDLE_IDENTIFIER = "jp.matuilab.BrailleBlockRecognition-iOSTests";
				PRODUCT_NAME = "$(TARGET_NAME)";
				SWIFT_VERSION = 5.0;
				TARGETED_DEVICE_FAMILY = "1,2";
				TEST_HOST = "$(BUILT_PRODUCTS_DIR)/BrailleBlockRecognition_iOS.app/BrailleBlockRecognition_iOS";
			};
			name = Debug;
		};
		D43116E2250614180050EA18 /* Release */ = {
			isa = XCBuildConfiguration;
			baseConfigurationReference = 4E97B95C440CEA497B90A9C6 /* Pods-BrailleBlockRecognition_iOSTests.release.xcconfig */;
			buildSettings = {
				ALWAYS_EMBED_SWIFT_STANDARD_LIBRARIES = YES;
				BUNDLE_LOADER = "$(TEST_HOST)";
				CODE_SIGN_IDENTITY = "Apple Development";
				"CODE_SIGN_IDENTITY[sdk=macosx*]" = "Apple Development";
				CODE_SIGN_STYLE = Automatic;
				DEVELOPMENT_TEAM = JH7QQ3TS8M;
				INFOPLIST_FILE = BrailleBlockRecognition_iOSTests/Info.plist;
				IPHONEOS_DEPLOYMENT_TARGET = 13.7;
				LD_RUNPATH_SEARCH_PATHS = "$(inherited) @executable_path/Frameworks @loader_path/Frameworks";
				PRODUCT_BUNDLE_IDENTIFIER = "jp.matuilab.BrailleBlockRecognition-iOSTests";
				"PRODUCT_BUNDLE_IDENTIFIER[sdk=macosx*]" = "";
				PRODUCT_NAME = "$(TARGET_NAME)";
				PROVISIONING_PROFILE_SPECIFIER = "";
				"PROVISIONING_PROFILE_SPECIFIER[sdk=macosx*]" = "";
				SWIFT_VERSION = 5.0;
				TARGETED_DEVICE_FAMILY = "1,2";
				TEST_HOST = "$(BUILT_PRODUCTS_DIR)/BrailleBlockRecognition_iOS.app/BrailleBlockRecognition_iOS";
			};
			name = Release;
		};
		D43116E4250614180050EA18 /* Debug */ = {
			isa = XCBuildConfiguration;
			baseConfigurationReference = F354B1010AA339909A02C805 /* Pods-BrailleBlockRecognition_iOS-BrailleBlockRecognition_iOSUITests.debug.xcconfig */;
			buildSettings = {
				ALWAYS_EMBED_SWIFT_STANDARD_LIBRARIES = YES;
				"CODE_SIGN_IDENTITY[sdk=macosx*]" = "Apple Development";
				CODE_SIGN_STYLE = Automatic;
				DEVELOPMENT_TEAM = 72S23KX6NZ;
				INFOPLIST_FILE = BrailleBlockRecognition_iOSUITests/Info.plist;
				LD_RUNPATH_SEARCH_PATHS = "$(inherited) @executable_path/Frameworks @loader_path/Frameworks";
				PRODUCT_BUNDLE_IDENTIFIER = "jp.matuilab.BrailleBlockRecognition-iOSUITests";
				PRODUCT_NAME = "$(TARGET_NAME)";
				SWIFT_VERSION = 5.0;
				TARGETED_DEVICE_FAMILY = "1,2";
				TEST_TARGET_NAME = BrailleBlockRecognition_iOS;
			};
			name = Debug;
		};
		D43116E5250614180050EA18 /* Release */ = {
			isa = XCBuildConfiguration;
			baseConfigurationReference = EAC40DA6BE0BD6BF85CCA033 /* Pods-BrailleBlockRecognition_iOS-BrailleBlockRecognition_iOSUITests.release.xcconfig */;
			buildSettings = {
				ALWAYS_EMBED_SWIFT_STANDARD_LIBRARIES = YES;
				CODE_SIGN_IDENTITY = "Apple Development";
				"CODE_SIGN_IDENTITY[sdk=macosx*]" = "Apple Development";
				CODE_SIGN_STYLE = Automatic;
				DEVELOPMENT_TEAM = JH7QQ3TS8M;
				INFOPLIST_FILE = BrailleBlockRecognition_iOSUITests/Info.plist;
				LD_RUNPATH_SEARCH_PATHS = "$(inherited) @executable_path/Frameworks @loader_path/Frameworks";
				PRODUCT_BUNDLE_IDENTIFIER = "jp.matuilab.BrailleBlockRecognition-iOSUITests";
				"PRODUCT_BUNDLE_IDENTIFIER[sdk=macosx*]" = "";
				PRODUCT_NAME = "$(TARGET_NAME)";
				PROVISIONING_PROFILE_SPECIFIER = "";
				"PROVISIONING_PROFILE_SPECIFIER[sdk=macosx*]" = "";
				SWIFT_VERSION = 5.0;
				TARGETED_DEVICE_FAMILY = "1,2";
				TEST_TARGET_NAME = BrailleBlockRecognition_iOS;
			};
			name = Release;
		};
/* End XCBuildConfiguration section */

/* Begin XCConfigurationList section */
		D43116AB250614170050EA18 /* Build configuration list for PBXProject "BrailleBlockRecognition_iOS" */ = {
			isa = XCConfigurationList;
			buildConfigurations = (
				D43116DB250614180050EA18 /* Debug */,
				D43116DC250614180050EA18 /* Release */,
			);
			defaultConfigurationIsVisible = 0;
			defaultConfigurationName = Debug;
		};
		D43116DD250614180050EA18 /* Build configuration list for PBXNativeTarget "BrailleBlockRecognition_iOS" */ = {
			isa = XCConfigurationList;
			buildConfigurations = (
				D43116DE250614180050EA18 /* Debug */,
				D43116DF250614180050EA18 /* Release */,
			);
			defaultConfigurationIsVisible = 0;
			defaultConfigurationName = Debug;
		};
		D43116E0250614180050EA18 /* Build configuration list for PBXNativeTarget "BrailleBlockRecognition_iOSTests" */ = {
			isa = XCConfigurationList;
			buildConfigurations = (
				D43116E1250614180050EA18 /* Debug */,
				D43116E2250614180050EA18 /* Release */,
			);
			defaultConfigurationIsVisible = 0;
			defaultConfigurationName = Debug;
		};
		D43116E3250614180050EA18 /* Build configuration list for PBXNativeTarget "BrailleBlockRecognition_iOSUITests" */ = {
			isa = XCConfigurationList;
			buildConfigurations = (
				D43116E4250614180050EA18 /* Debug */,
				D43116E5250614180050EA18 /* Release */,
			);
			defaultConfigurationIsVisible = 0;
			defaultConfigurationName = Debug;
		};
/* End XCConfigurationList section */

/* Begin XCVersionGroup section */
		D43116BC250614170050EA18 /* BrailleBlockRecognition_iOS.xcdatamodeld */ = {
			isa = XCVersionGroup;
			children = (
				D43116BD250614170050EA18 /* BrailleBlockRecognition_iOS.xcdatamodel */,
			);
			currentVersion = D43116BD250614170050EA18 /* BrailleBlockRecognition_iOS.xcdatamodel */;
			path = BrailleBlockRecognition_iOS.xcdatamodeld;
			sourceTree = "<group>";
			versionGroupType = wrapper.xcdatamodel;
		};
/* End XCVersionGroup section */
	};
	rootObject = D43116A8250614170050EA18 /* Project object */;
}
